PODS:
  - Flutter (1.0.0)
  - Herald (2.2.0)
  - heraldui (2.2.0):
    - Flutter
    - Herald (~> 2.2.0)
  - integration_test (0.0.1):
    - Flutter

DEPENDENCIES:
  - Flutter (from `Flutter`)
  - heraldui (from `.symlinks/plugins/heraldui/ios`)
  - integration_test (from `.symlinks/plugins/integration_test/ios`)

SPEC REPOS:
  trunk:
    - Herald

EXTERNAL SOURCES:
  Flutter:
    :path: Flutter
  heraldui:
    :path: ".symlinks/plugins/heraldui/ios"
  integration_test:
    :path: ".symlinks/plugins/integration_test/ios"

SPEC CHECKSUMS:
  Flutter: f04841e97a9d0b0a8025694d0796dd46242b2854
  Herald: 8b95729058a3832b61a007626d6cf05d8fa5d6b3
  heraldui: 1b6387b3fb72e06aa79ea53165d59bfc990c032f
  integration_test: 13825b8a9334a850581300559b8839134b124670

PODFILE CHECKSUM: 70d9d25280d0dd177a5f637cdb0f0b0b12c6a189

COCOAPODS: 1.11.3
